
Microsoft Visual Studio Solution File, Format Version 12.00
# Visual Studio Version 17
VisualStudioVersion = 17.6.33829.357
MinimumVisualStudioVersion = 10.0.40219.1
Project("{FAE04EC0-301F-11D3-BF4B-00C04F79EFBC}") = "WebApplication2", "WebApplication2\WebApplication2.csproj", "{1C6DD603-98F6-4406-A01E-930C66AD247B}"
EndProject
Global
	GlobalSection(SolutionConfigurationPlatforms) = preSolution
		Debug|Any CPU = Debug|Any CPU
		Release|Any CPU = Release|Any CPU
	EndGlobalSection
	GlobalSection(ProjectConfigurationPlatforms) = postSolution
		{1C6DD603-98F6-4406-A01E-930C66AD247B}.Debug|Any CPU.ActiveCfg = Debug|Any CPU
		{1C6DD603-98F6-4406-A01E-930C66AD247B}.Debug|Any CPU.Build.0 = Debug|Any CPU
		{1C6DD603-98F6-4406-A01E-930C66AD247B}.Release|Any CPU.ActiveCfg = Release|Any CPU
		{1C6DD603-98F6-4406-A01E-930C66AD247B}.Release|Any CPU.Build.0 = Release|Any CPU
	EndGlobalSection
	GlobalSection(SolutionProperties) = preSolution
		HideSolutionNode = FALSE
	EndGlobalSection
	GlobalSection(ExtensibilityGlobals) = postSolution
		SolutionGuid = {4680B170-AE2A-449B-AF91-C4F53DBBFD9D}
	EndGlobalSection
EndGlobal
